version = 1
revision = 3
requires-python = ">=3.13"

[[package]]
name = "annotated-doc"
version = "0.0.4"
source = { registry = "https://pypi.org/simple" }
sdist = { url = "https://files.pythonhosted.org/packages/57/ba/046ceea27344560984e26a590f90bc7f4a75b06701f653222458922b558c/annotated_doc-0.0.4.tar.gz", hash = "sha256:fbcda96e87e9c92ad167c2e53839e57503ecfda18804ea28102353485033faa4", size = 7288, upload-time = "2025-11-10T22:07:42.062Z" }
wheels = [
    { url = "https://files.pythonhosted.org/packages/1e/d3/26bf1008eb3d2daa8ef4cacc7f3bfdc11818d111f7e2d0201bc6e3b49d45/annotated_doc-0.0.4-py3-none-any.whl", hash = "sha256:571ac1dc6991c450b25a9c2d84a3705e2ae7a53467b5d111c24fa8baabbed320", size = 5303, upload-time = "2025-11-10T22:07:40.673Z" },
]

[[package]]
name = "asgiref"
version = "3.11.1"
source = { registry = "https://pypi.org/simple" }
sdist = { url = "https://files.pythonhosted.org/packages/63/40/f03da1264ae8f7cfdbf9146542e5e7e8100a4c66ab48e791df9a03d3f6c0/asgiref-3.11.1.tar.gz", hash = "sha256:5f184dc43b7e763efe848065441eac62229c9f7b0475f41f80e207a114eda4ce", size = 38550, upload-time = "2026-02-03T13:30:14.33Z" }
wheels = [
    { url = "https://files.pythonhosted.org/packages/5c/0a/a72d10ed65068e115044937873362e6e32fab1b7dce0046aeb224682c989/asgiref-3.11.1-py3-none-any.whl", hash = "sha256:e8667a091e69529631969fd45dc268fa79b99c92c5fcdda727757e52146ec133", size = 24345, upload-time = "2026-02-03T13:30:13.039Z" },
]

[[package]]
name = "click"
version = "8.4.1"
source = { registry = "https://pypi.org/simple" }
dependencies = [
    { name = "colorama", marker = "sys_platform == 'win32'" },
]
sdist = { url = "https://files.pythonhosted.org/packages/9b/98/518d8e5081007684232226f475082b30087d0f585e8457db087298259f49/click-8.4.1.tar.gz", hash = "sha256:918b5633eddf6b41c32d4f454bf0de810065c74e3f7dbf8ee5452f8be88d3e96", size = 353007, upload-time = "2026-05-22T04:08:37.769Z" }
wheels = [
    { url = "https://files.pythonhosted.org/packages/c7/0d/67e5b4109ea4a837e80daa87c2c696711955e40449a97e8926672534def2/click-8.4.1-py3-none-any.whl", hash = "sha256:482be17c6991b8c19c5429a1e995d9b0efdbb63172824c41f99965dc0ade8ec2", size = 116639, upload-time = "2026-05-22T04:08:35.26Z" },
]

[[package]]
name = "colorama"
version = "0.4.6"
source = { registry = "https://pypi.org/simple" }
sdist = { url = "https://files.pythonhosted.org/packages/d8/53/6f443c9a4a8358a93a6792e2acffb9d9d5cb0a5cfd8802644b7b1c9a02e4/colorama-0.4.6.tar.gz", hash = "sha256:08695f5cb7ed6e0531a20572697297273c47b8cae5a63ffc6d6ed5c201be6e44", size = 27697, upload-time = "2022-10-25T02:36:22.414Z" }
wheels = [
    { url = "https://files.pythonhosted.org/packages/d1/d6/3965ed04c63042e047cb6a3e6ed1a63a35087b6a609aa3a15ed8ac56c221/colorama-0.4.6-py2.py3-none-any.whl", hash = "sha256:4f1d9991f5acc0ca119f9d443620b77f9d6b33703e51011c16baf57afb285fc6", size = 25335, upload-time = "2022-10-25T02:36:20.889Z" },
]

[[package]]
name = "django"
version = "6.0.6"
source = { registry = "https://pypi.org/simple" }
dependencies = [
    { name = "asgiref" },
    { name = "sqlparse" },
    { name = "tzdata", marker = "sys_platform == 'win32'" },
]
sdist = { url = "https://files.pythonhosted.org/packages/78/29/ac41e16097af67066d97a7d5775c5d8e7efc5d0284f6b0a159e07b9adb92/django-6.0.6.tar.gz", hash = "sha256:ad03916ba59523d781ae5c3f631960c23d69a9d9c43cecda52fc23b47e953713", size = 10905525, upload-time = "2026-06-03T13:02:46.503Z" }
wheels = [
    { url = "https://files.pythonhosted.org/packages/eb/50/23f9dc45483419a3cc2085b498b25adfbf10642b2941c73e6d2dfaffc9ab/django-6.0.6-py3-none-any.whl", hash = "sha256:25148b1194c47c2e685e5f5e9c5d59c78b075dfd282cb9618861ba6c1708f4d2", size = 8373354, upload-time = "2026-06-03T13:02:41.72Z" },
]

[[package]]
name = "django-debug-toolbar"
version = "7.0.0"
source = { registry = "https://pypi.org/simple" }
dependencies = [
    { name = "django" },
    { name = "sqlparse" },
]
sdist = { url = "https://files.pythonhosted.org/packages/1e/ac/3ac674f99c64bfbcd9ae3d7f5f3577f23ea52884e5ac36842e1f024dce03/django_debug_toolbar-7.0.0.tar.gz", hash = "sha256:ef7494c5b459c149e87cc2da88d86e944064945e86bd7b2d879093586b5fefbf", size = 359560, upload-time = "2026-06-19T00:21:23.346Z" }
wheels = [
    { url = "https://files.pythonhosted.org/packages/4b/ab/684a56624f9ed35127e203e52d2c241f3b7b70d37cfa8cb2ba4fc8e1e8d7/django_debug_toolbar-7.0.0-py3-none-any.whl", hash = "sha256:656161388ce48384276342eeb16d532113ec670816fa1546cc3753730aa51b3d", size = 302038, upload-time = "2026-06-19T00:21:21.531Z" },
]

[[package]]
name = "django-tailwind-cli"
version = "4.6.2"
source = { registry = "https://pypi.org/simple" }
dependencies = [
    { name = "django" },
    { name = "django-typer" },
    { name = "semver" },
]
sdist = { url = "https://files.pythonhosted.org/packages/dd/4e/67143e297e6196f3a7661ab912f888493fb9b40c2f50dd04964a7f22f055/django_tailwind_cli-4.6.2.tar.gz", hash = "sha256:479b82096ed2656c8990f59ae2ee2d1ea2abace7d82ba6013a0861502a906004", size = 122664, upload-time = "2026-05-14T09:12:48.168Z" }
wheels = [
    { url = "https://files.pythonhosted.org/packages/b6/8b/ed7e4d5757341e7a7daba9d8daa7152c80613208693d1ebb180d579e1428/django_tailwind_cli-4.6.2-py3-none-any.whl", hash = "sha256:5fed9b26c56533fa7c41a92f369ebd41da50b2f520414d5f77b0f2bf9a3caebc", size = 38388, upload-time = "2026-05-14T09:12:46.968Z" },
]

[[package]]
name = "django-typer"
version = "3.7.3"
source = { registry = "https://pypi.org/simple" }
dependencies = [
    { name = "click" },
    { name = "django" },
    { name = "typer" },
]
sdist = { url = "https://files.pythonhosted.org/packages/c7/de/8b38b5d7277e70a00adc6328532f174c632facdf99553b904f79e8aad026/django_typer-3.7.3.tar.gz", hash = "sha256:833059b0bddd5a0c68945c4963064ebb0662b54eec803f86b43904ba6038b777", size = 2977182, upload-time = "2026-05-24T14:33:55.391Z" }
wheels = [
    { url = "https://files.pythonhosted.org/packages/2f/ee/ff00e923a81de3ea95deac71667744079d1e2709249631a5484a57b7baf6/django_typer-3.7.3-py3-none-any.whl", hash = "sha256:2e6591e081117725ef036578ada407dd5882b0213a8aff821d50399854b2c6f1", size = 296863, upload-time = "2026-05-24T14:33:53.502Z" },
]

[[package]]
name = "feed-reader"
version = "0.1.0"
source = { virtual = "." }
dependencies = [
    { name = "django" },
    { name = "django-tailwind-cli" },
    { name = "feedparser" },
    { name = "nh3" },
]

[package.dev-dependencies]
dev = [
    { name = "django-debug-toolbar" },
    { name = "ruff" },
]

[package.metadata]
requires-dist = [
    { name = "django", specifier = ">=6.0.6" },
    { name = "django-tailwind-cli", specifier = ">=4.6.2" },
    { name = "feedparser", specifier = ">=6.0.12" },
    { name = "nh3", specifier = ">=0.3.6" },
]

[package.metadata.requires-dev]
dev = [
    { name = "django-debug-toolbar", specifier = ">=7.0.0" },
    { name = "ruff", specifier = ">=0.15.18" },
]

[[package]]
name = "feedparser"
version = "6.0.12"
source = { registry = "https://pypi.org/simple" }
dependencies = [
    { name = "sgmllib3k" },
]
sdist = { url = "https://files.pythonhosted.org/packages/dc/79/db7edb5e77d6dfbc54d7d9df72828be4318275b2e580549ff45a962f6461/feedparser-6.0.12.tar.gz", hash = "sha256:64f76ce90ae3e8ef5d1ede0f8d3b50ce26bcce71dd8ae5e82b1cd2d4a5f94228", size = 286579, upload-time = "2025-09-10T13:33:59.486Z" }
wheels = [
    { url = "https://files.pythonhosted.org/packages/4e/eb/c96d64137e29ae17d83ad2552470bafe3a7a915e85434d9942077d7fd011/feedparser-6.0.12-py3-none-any.whl", hash = "sha256:6bbff10f5a52662c00a2e3f86a38928c37c48f77b3c511aedcd51de933549324", size = 81480, upload-time = "2025-09-10T13:33:58.022Z" },
]

[[package]]
name = "markdown-it-py"
version = "4.2.0"
source = { registry = "https://pypi.org/simple" }
dependencies = [
    { name = "mdurl" },
]
sdist = { url = "https://files.pythonhosted.org/packages/06/ff/7841249c247aa650a76b9ee4bbaeae59370dc8bfd2f6c01f3630c35eb134/markdown_it_py-4.2.0.tar.gz", hash = "sha256:04a21681d6fbb623de53f6f364d352309d4094dd4194040a10fd51833e418d49", size = 82454, upload-time = "2026-05-07T12:08:28.36Z" }
wheels = [
    { url = "https://files.pythonhosted.org/packages/b3/81/4da04ced5a082363ecfa159c010d200ecbd959ae410c10c0264a38cac0f5/markdown_it_py-4.2.0-py3-none-any.whl", hash = "sha256:9f7ebbcd14fe59494226453aed97c1070d83f8d24b6fc3a3bcf9a38092641c4a", size = 91687, upload-time = "2026-05-07T12:08:27.182Z" },
]

[[package]]
name = "mdurl"
version = "0.1.2"
source = { registry = "https://pypi.org/simple" }
sdist = { url = "https://files.pythonhosted.org/packages/d6/54/cfe61301667036ec958cb99bd3efefba235e65cdeb9c84d24a8293ba1d90/mdurl-0.1.2.tar.gz", hash = "sha256:bb413d29f5eea38f31dd4754dd7377d4465116fb207585f97bf925588687c1ba", size = 8729, upload-time = "2022-08-14T12:40:10.846Z" }
wheels = [
    { url = "https://files.pythonhosted.org/packages/b3/38/89ba8ad64ae25be8de66a6d463314cf1eb366222074cfda9ee839c56a4b4/mdurl-0.1.2-py3-none-any.whl", hash = "sha256:84008a41e51615a49fc9966191ff91509e3c40b939176e643fd50a5c2196b8f8", size = 9979, upload-time = "2022-08-14T12:40:09.779Z" },
]

[[package]]
name = "nh3"
version = "0.3.6"
source = { registry = "https://pypi.org/simple" }
sdist = { url = "https://files.pythonhosted.org/packages/5e/1b/ef84624f14954d270f74060a19fc550dd4f06656399447569afb584d8c06/nh3-0.3.6.tar.gz", hash = "sha256:f3736c9dd3d1856f80cd031715b84ca75cda2bbb1ac802c3da26bfce590838d7", size = 24684, upload-time = "2026-06-22T00:47:02.008Z" }
wheels = [
    { url = "https://files.pythonhosted.org/packages/99/3e/6506aa4f23dc7b7993a2d0a45dca3ce864ec48380adfe15a173e643c63e8/nh3-0.3.6-cp314-cp314t-macosx_10_12_x86_64.macosx_11_0_arm64.macosx_10_12_universal2.whl", hash = "sha256:2411e8c3cee81a1ddd62c2a5d50585c28aa5566d373ad1db92536b95ddb24ef2", size = 1421679, upload-time = "2026-06-22T00:46:20.248Z" },
    { url = "https://files.pythonhosted.org/packages/e3/e1/e96e7864a7a53bd6b6fab7e9632467382a2a2c1f3fed951918ad131542fb/nh3-0.3.6-cp314-cp314t-manylinux_2_17_x86_64.manylinux2014_x86_64.whl", hash = "sha256:e196fa70c2ff2eb4de7d3df3108f8f358c1d69dff20d45b11f20a5aa227ffb6d", size = 792570, upload-time = "2026-06-22T00:46:22.179Z" },
    { url = "https://files.pythonhosted.org/packages/59/62/5b6108bedaef2b2637fed04c87bdbcb5967b9961758b41f0e466ef22a022/nh3-0.3.6-cp314-cp314t-manylinux_2_5_i686.manylinux1_i686.whl", hash = "sha256:34d2b0d934156b87ee114f599a3ba9b8b9e17b5d79652ba3a13fa50903de965e", size = 842243, upload-time = "2026-06-22T00:46:23.801Z" },
    { url = "https://files.pythonhosted.org/packages/4b/4a/526f199626bfcb496bc01a268051b44737962005553b158e985ed7e64865/nh3-0.3.6-cp314-cp314t-musllinux_1_2_aarch64.whl", hash = "sha256:f2f14b7ae1fca99c4a66c981aac3974e7fbc1ca30a12673d223ae1df76680917", size = 1001468, upload-time = "2026-06-22T00:46:25.481Z" },
    { url = "https://files.pythonhosted.org/packages/49/09/0d8e3101636d9ad88cdefb2914e764cb8e876ebdbb4286bfc251277d9c67/nh3-0.3.6-cp314-cp314t-musllinux_1_2_armv7l.whl", hash = "sha256:889932a97fb4abb6f95fef1914c0d269ebfb60011e67121c1163059b9449dbb4", size = 1082933, upload-time = "2026-06-22T00:46:27.15Z" },
    { url = "https://files.pythonhosted.org/packages/09/a1/ea83abe738a3fbaa203dfdb836ca7cbab0e7e9609faaee4fe1d4652599c0/nh3-0.3.6-cp314-cp314t-musllinux_1_2_i686.whl", hash = "sha256:edb2b4a1a27523e6cc7c417f8d21ce3d005243548b93e56b762b66b0c7f589f9", size = 1043120, upload-time = "2026-06-22T00:46:28.89Z" },
    { url = "https://files.pythonhosted.org/packages/66/69/0654482b8635012fbae67826bd6c381abb05d841ac7388b9b4666300fdad/nh3-0.3.6-cp314-cp314t-musllinux_1_2_x86_64.whl", hash = "sha256:43bc1ed3fa0716295fabee29ba42b2667e4a51d140b0a68e092170a765474fa6", size = 1023824, upload-time = "2026-06-22T00:46:30.453Z" },
    { url = "https://files.pythonhosted.org/packages/ed/a6/1f7285ffadc8307c4dbeb08d21b920536d5117785056d1079e998c4dfa44/nh3-0.3.6-cp314-cp314t-win32.whl", hash = "sha256:597a8e843bea00b2eb5520658dc24a9bb032e7fc9e7c2c0c4cd29420220c9796", size = 599253, upload-time = "2026-06-22T00:46:32.072Z" },
    { url = "https://files.pythonhosted.org/packages/36/ea/5542f3c45da4c00290d9d67a65e996702e23e613c4b627de3e09cb9fe357/nh3-0.3.6-cp314-cp314t-win_amd64.whl", hash = "sha256:4713502748f564fee0633b37b3403783ce0a3af3a3d148ad91025a5bdadb7bc6", size = 612553, upload-time = "2026-06-22T00:46:33.53Z" },
    { url = "https://files.pythonhosted.org/packages/66/35/26bd47e6af5915a628281dccdac354ddf4e32f7397047894270acd8c9870/nh3-0.3.6-cp314-cp314t-win_arm64.whl", hash = "sha256:69bbb92865a693d909db3a700d3c01537533844d0948c1e9323561ce06ecda41", size = 595151, upload-time = "2026-06-22T00:46:34.878Z" },
    { url = "https://files.pythonhosted.org/packages/f3/ab/a7653bce9a3b204be6a6931767a9e23595807bb84790ce6685e4d7e5bd08/nh3-0.3.6-cp38-abi3-macosx_10_12_x86_64.macosx_11_0_arm64.macosx_10_12_universal2.whl", hash = "sha256:a43ebd7543555c3ac1bc353023d0794e75cb76f6f18f19c32e95441496c0cc25", size = 1443564, upload-time = "2026-06-22T00:46:36.66Z" },
    { url = "https://files.pythonhosted.org/packages/41/21/e1084ab18eb589506335c7c7576f2d4643e9a0c0e33983ef0e549a256b96/nh3-0.3.6-cp38-abi3-manylinux_2_17_aarch64.manylinux2014_aarch64.whl", hash = "sha256:e1b160831c9cdb06a6c79c2f9cdb11386602938f9af260d1c457a85add4f6f69", size = 838002, upload-time = "2026-06-22T00:46:38.101Z" },
    { url = "https://files.pythonhosted.org/packages/b0/94/f48d08e6f72a406300fa11d8acd929fea1a80d4bf750fa292cb10785f126/nh3-0.3.6-cp38-abi3-manylinux_2_17_armv7l.manylinux2014_armv7l.whl", hash = "sha256:d14bf7982e7a77c0c775634c29c07ce08b38a046df73e1c1f139b3e82f18a38e", size = 823045, upload-time = "2026-06-22T00:46:39.495Z" },
    { url = "https://files.pythonhosted.org/packages/25/bb/431615ba1d1d3eb63cde0f974f2114edf863a8a3f6049a12fed23fc241d3/nh3-0.3.6-cp38-abi3-manylinux_2_17_ppc64.manylinux2014_ppc64.whl", hash = "sha256:44673b27010051ab5a5e438a86ec31bbda61d4a77d7e900af6b7be3037c1abae", size = 1093171, upload-time = "2026-06-22T00:46:41.21Z" },
    { url = "https://files.pythonhosted.org/packages/0e/24/a0d80182a18919665fefd19c1c06f1d1df1c9a6455d0252de40c034a0bc3/nh3-0.3.6-cp38-abi3-manylinux_2_17_ppc64le.manylinux2014_ppc64le.whl", hash = "sha256:e6b7beece07525dc6e6b0fc2f104442de2ba328360ad00e50cbe2e1fd620447d", size = 1049217, upload-time = "2026-06-22T00:46:42.804Z" },
    { url = "https://files.pythonhosted.org/packages/0a/13/6f1e302ca674ac74362e150848ad56a1be5145391204f74facdb8e94df12/nh3-0.3.6-cp38-abi3-manylinux_2_17_s390x.manylinux2014_s390x.whl", hash = "sha256:455469a29951edc92bc48b47ac2281c3f2609e6c4f6a047056449f8c2c23facf", size = 917372, upload-time = "2026-06-22T00:46:44.495Z" },
    { url = "https://files.pythonhosted.org/packages/5b/67/314f6151bad77a93d751978a344033e1fc890822f05f0416079338e34231/nh3-0.3.6-cp38-abi3-manylinux_2_17_x86_64.manylinux2014_x86_64.whl", hash = "sha256:905f877dc66dd7aea4a76e54bcb26acb5ff8216f720c0017ccf63e0e6035698e", size = 806699, upload-time = "2026-06-22T00:46:45.99Z" },
    { url = "https://files.pythonhosted.org/packages/3c/a6/bfaa00046e58603507dcfc266c4778e3ab7adf68a5dedd73b6274b8d9314/nh3-0.3.6-cp38-abi3-manylinux_2_31_riscv64.whl", hash = "sha256:25c733bee928530556b1db0ea46c52cf5aa686146e38e60a6fc7cb801ef91cec", size = 835165, upload-time = "2026-06-22T00:46:47.617Z" },
    { url = "https://files.pythonhosted.org/packages/30/a8/fb2c38845efb703a9173bffdfc745fc64d2b0e55cfc73a3647d2f028250c/nh3-0.3.6-cp38-abi3-manylinux_2_5_i686.manylinux1_i686.whl", hash = "sha256:2f90d9a0cfdbee218994fdaaeeb5a0fde62d08f35e4eef0378ec1e2200172fd0", size = 858282, upload-time = "2026-06-22T00:46:49.276Z" },
    { url = "https://files.pythonhosted.org/packages/68/17/06e72a18ee9b572914447338237ca7eb164c0df901f141bc10d1282247a2/nh3-0.3.6-cp38-abi3-musllinux_1_2_aarch64.whl", hash = "sha256:82ca5bf427ad1b216b65ede1a2e2d87dc49bec417ceba0f297213107d3cd9d78", size = 1014328, upload-time = "2026-06-22T00:46:51.026Z" },
    { url = "https://files.pythonhosted.org/packages/11/f9/3966c61455668c08853bf5e33b4bed93c421f3194ce4de896dc248d6f6ce/nh3-0.3.6-cp38-abi3-musllinux_1_2_armv7l.whl", hash = "sha256:f5ed5fe84aee7f39db95c214a7421bf0499fbf500fec6d86a4e29bfc37971438", size = 1098207, upload-time = "2026-06-22T00:46:52.674Z" },
    { url = "https://files.pythonhosted.org/packages/19/d3/479cb4ae440424825735d60525b53e3c77fd60fd6e6afc0e984f00eb0178/nh3-0.3.6-cp38-abi3-musllinux_1_2_i686.whl", hash = "sha256:082675ff87b9385ec430ffe6d5847ba7456cc39b73720cd4add472f9f4cffd56", size = 1056961, upload-time = "2026-06-22T00:46:54.335Z" },
    { url = "https://files.pythonhosted.org/packages/17/0c/6cdb5ee1e127be50dc8391e54bddc1f64e87bf4bfad0c55633320e2e02db/nh3-0.3.6-cp38-abi3-musllinux_1_2_x86_64.whl", hash = "sha256:36d06341bd501240d320f5942481ed5e6846136b666e1ba4faf802b78ebc875f", size = 1033829, upload-time = "2026-06-22T00:46:56.258Z" },
    { url = "https://files.pythonhosted.org/packages/e9/55/9de666ad975d6ccd77d799ea0add55ee2347aa81286ce21b2a97c070746b/nh3-0.3.6-cp38-abi3-win32.whl", hash = "sha256:5276ef17bdba9ad8040575c74072008b13aae429436e9d0429e718bb5f90f4da", size = 609081, upload-time = "2026-06-22T00:46:57.665Z" },
    { url = "https://files.pythonhosted.org/packages/82/fa/2b5d684e3edf1e81bfd02d298c78c3e3da77ca1d8a2be3183a79544a7548/nh3-0.3.6-cp38-abi3-win_amd64.whl", hash = "sha256:f338ac7d594c067679f1e99b4f5ec3906842979560f9d8f15d6bdfa39a353b10", size = 624461, upload-time = "2026-06-22T00:46:59.163Z" },
    { url = "https://files.pythonhosted.org/packages/7b/e5/7cafee2f0413ca4cb0ef3bd111e94d408a48810008b283ad8aee00dd1809/nh3-0.3.6-cp38-abi3-win_arm64.whl", hash = "sha256:69f365963f63a1e9bff53bdbb3c542c7c2efed3e163c9d5d83a772a2ac468c21", size = 603060, upload-time = "2026-06-22T00:47:00.596Z" },
]

[[package]]
name = "pygments"
version = "2.20.0"
source = { registry = "https://pypi.org/simple" }
sdist = { url = "https://files.pythonhosted.org/packages/c3/b2/bc9c9196916376152d655522fdcebac55e66de6603a76a02bca1b6414f6c/pygments-2.20.0.tar.gz", hash = "sha256:6757cd03768053ff99f3039c1a36d6c0aa0b263438fcab17520b30a303a82b5f", size = 4955991, upload-time = "2026-03-29T13:29:33.898Z" }
wheels = [
    { url = "https://files.pythonhosted.org/packages/f4/7e/a72dd26f3b0f4f2bf1dd8923c85f7ceb43172af56d63c7383eb62b332364/pygments-2.20.0-py3-none-any.whl", hash = "sha256:81a9e26dd42fd28a23a2d169d86d7ac03b46e2f8b59ed4698fb4785f946d0176", size = 1231151, upload-time = "2026-03-29T13:29:30.038Z" },
]

[[package]]
name = "rich"
version = "15.0.0"
source = { registry = "https://pypi.org/simple" }
dependencies = [
    { name = "markdown-it-py" },
    { name = "pygments" },
]
sdist = { url = "https://files.pythonhosted.org/packages/c0/8f/0722ca900cc807c13a6a0c696dacf35430f72e0ec571c4275d2371fca3e9/rich-15.0.0.tar.gz", hash = "sha256:edd07a4824c6b40189fb7ac9bc4c52536e9780fbbfbddf6f1e2502c31b068c36", size = 230680, upload-time = "2026-04-12T08:24:00.75Z" }
wheels = [
    { url = "https://files.pythonhosted.org/packages/82/3b/64d4899d73f91ba49a8c18a8ff3f0ea8f1c1d75481760df8c68ef5235bf5/rich-15.0.0-py3-none-any.whl", hash = "sha256:33bd4ef74232fb73fe9279a257718407f169c09b78a87ad3d296f548e27de0bb", size = 310654, upload-time = "2026-04-12T08:24:02.83Z" },
]

[[package]]
name = "ruff"
version = "0.15.18"
source = { registry = "https://pypi.org/simple" }
sdist = { url = "https://files.pythonhosted.org/packages/74/98/1295ad5a5aa9bc85bdcdfa5d82fe7b49c61af5657df4f227637ff9de0da6/ruff-0.15.18.tar.gz", hash = "sha256:2698a964c70e8bf402dcb99c8810472d270d141e7aa8c4e13599fd52033a2f33", size = 4761437, upload-time = "2026-06-18T18:25:39.224Z" }
wheels = [
    { url = "https://files.pythonhosted.org/packages/b9/d0/686e984941269621e2be72612d5c1e461f8f7b38415a2a7d7a81c8ae6715/ruff-0.15.18-py3-none-linux_armv6l.whl", hash = "sha256:8b6850172348c8381b8b3084c5915a4393c2373b9b54cd5b5e1ea15812bc10df", size = 10887308, upload-time = "2026-06-18T18:25:03.062Z" },
    { url = "https://files.pythonhosted.org/packages/ed/21/bc4123e3f5515ee99f8ce1eb93a14a0628fe4d1678663cd08f933ac16931/ruff-0.15.18-py3-none-macosx_10_12_x86_64.whl", hash = "sha256:3fccc153a85417dcd976883160cacce486997b0a0058dd18f54b8aaaac7d1ce2", size = 11281305, upload-time = "2026-06-18T18:25:30.026Z" },
    { url = "https://files.pythonhosted.org/packages/51/93/4769464c25cf7ab2acb3c7dda9cad3d867eb41c59565b3e2a9d17249c90c/ruff-0.15.18-py3-none-macosx_11_0_arm64.whl", hash = "sha256:08d4c86a68f2c3ec2c9d56380a71fb4a4f65373055cbb8caabd645e9102f38d4", size = 10641215, upload-time = "2026-06-18T18:25:15.802Z" },
    { url = "https://files.pythonhosted.org/packages/6c/42/56926d17120db2c208d76bf60a1a019644dd9e91dc27f0f95c9caddb1366/ruff-0.15.18-py3-none-manylinux_2_17_aarch64.manylinux2014_aarch64.whl", hash = "sha256:37e5108745c2c0705da916d7d4de533ddf547051ef45f62888c31bae73f66318", size = 10957224, upload-time = "2026-06-18T18:25:36.955Z" },
    { url = "https://files.pythonhosted.org/packages/22/4f/d43fab8d8189afde803103022d000a8ef9f230616d436d52a8b2b8d63b50/ruff-0.15.18-py3-none-manylinux_2_17_armv7l.manylinux2014_armv7l.whl", hash = "sha256:56949a6ce8b3abde54c0bcb22cebfe57e8771cadc84b407ae8b8eaf67ebdcd43", size = 10699024, upload-time = "2026-06-18T18:25:05.707Z" },
    { url = "https://files.pythonhosted.org/packages/63/42/1e3e4c68bd408b9768cf3e439acbe2c78245225faef253f7028a0cdb63e0/ruff-0.15.18-py3-none-manylinux_2_17_i686.manylinux2014_i686.whl", hash = "sha256:01a754cd6a1b630d3f97e33eb452cf7a98040482318e870f8bc52a5a30e62657", size = 11491458, upload-time = "2026-06-18T18:25:20.275Z" },
    { url = "https://files.pythonhosted.org/packages/20/77/47a3484bea8521e14a203d98c389c5c97846675e4f02734672da4a69b52a/ruff-0.15.18-py3-none-manylinux_2_17_ppc64le.manylinux2014_ppc64le.whl", hash = "sha256:6ba7a07e03a44dbf10bb086ee06705b173625014ec99f73a7e6836a5e5590a0c", size = 12383752, upload-time = "2026-06-18T18:25:22.535Z" },
    { url = "https://files.pythonhosted.org/packages/0a/ca/054159590787023d83b658a1a1819c4c8910114e7015069340b71c0961cb/ruff-0.15.18-py3-none-manylinux_2_17_s390x.manylinux2014_s390x.whl", hash = "sha256:5a2c40a41a4cadbcf5897b548ab29dfe248b20c540961c0247d98a3973c70403", size = 11577923, upload-time = "2026-06-18T18:25:10.702Z" },
    { url = "https://files.pythonhosted.org/packages/6d/ff/d353d6b7bbd73cc0ec37f4463d7540e45e894338abdd9964eee0de332708/ruff-0.15.18-py3-none-manylinux_2_17_x86_64.manylinux2014_x86_64.whl", hash = "sha256:5f0480ce690cbb6c4db6e5d08f19fce98e10ba131a8b60c1bcdac42771e3ae2d", size = 11583925, upload-time = "2026-06-18T18:25:32.391Z" },
    { url = "https://files.pythonhosted.org/packages/c1/4a/891f89b9c296ed3e5f3ece1a5629badc989d9a8fdaa30431aaf4774bc1c2/ruff-0.15.18-py3-none-manylinux_2_31_riscv64.whl", hash = "sha256:2330215f1f393fa8733f55edce04fcf94c36a2c460fcde31f78cc84e4951e9b1", size = 11582834, upload-time = "2026-06-18T18:25:27.309Z" },
    { url = "https://files.pythonhosted.org/packages/32/a3/ed9e370154bf85de360b93c03026157f02d4943b2d01ff4945f4429f8e8a/ruff-0.15.18-py3-none-musllinux_1_2_aarch64.whl", hash = "sha256:a6aa6a3d979e48ae617578183674bf264fbe7d0114a796a26bd678d67963c7ff", size = 10927328, upload-time = "2026-06-18T18:25:34.676Z" },
    { url = "https://files.pythonhosted.org/packages/f5/d1/5cf5909329fedb5d39d555ee818ba5cf4638e1a301b89785d34f2905bfcb/ruff-0.15.18-py3-none-musllinux_1_2_armv7l.whl", hash = "sha256:a81beadbbff2c9c245561ae3f77b16709d87f35eec650d0501679239d3449b22", size = 10693187, upload-time = "2026-06-18T18:25:08.245Z" },
    { url = "https://files.pythonhosted.org/packages/fd/44/ff6c635cf2c4f4e7b618b6640da057376baa36014695487d88aed4794268/ruff-0.15.18-py3-none-musllinux_1_2_i686.whl", hash = "sha256:2186d9e940ae332ab293623a75b5f4fe49565f449954d50a72a046683aa6b809", size = 11208721, upload-time = "2026-06-18T18:25:41.327Z" },
    { url = "https://files.pythonhosted.org/packages/88/d9/5baa2a30861adfb7022cf33c1e35b2fc18085b08c16f83eff4c7b99a5f48/ruff-0.15.18-py3-none-musllinux_1_2_x86_64.whl", hash = "sha256:5c2abf140438032bc77b2284a6c9944ecd8a19e5f1c7b52b1b8e4a0a80d19a7a", size = 11678599, upload-time = "2026-06-18T18:25:13.607Z" },
    { url = "https://files.pythonhosted.org/packages/c3/1a/0725a7cfdc32ff769efb96ee782bec882e16448c5d9e3be947ec4c04ce27/ruff-0.15.18-py3-none-win32.whl", hash = "sha256:02299e6e9fa5b297a3f6d5d10d7bcd655c925b028bb8b9d4588214549c6b9ec4", size = 10901903, upload-time = "2026-06-18T18:25:24.755Z" },
    { url = "https://files.pythonhosted.org/packages/f3/51/805d9f6fb7970505c3504794a5ec350f605361b807fef4dcf214ebd35e72/ruff-0.15.18-py3-none-win_amd64.whl", hash = "sha256:dac80dc8d26b2257dbefabed62f5d255c3937b4ccb122da1fc634794fa3578b3", size = 12041189, upload-time = "2026-06-18T18:25:17.915Z" },
    { url = "https://files.pythonhosted.org/packages/29/4c/67bb45e41609eb4726f1bfeb59e083cf91d14c696d4bd14c234a980be93d/ruff-0.15.18-py3-none-win_arm64.whl", hash = "sha256:b2c9257fcbd4a3e5b977a1904e6facca016bafe2edc17df24db67cfaee03b4e4", size = 11329958, upload-time = "2026-06-18T18:25:43.686Z" },
]

[[package]]
name = "semver"
version = "3.0.4"
source = { registry = "https://pypi.org/simple" }
sdist = { url = "https://files.pythonhosted.org/packages/72/d1/d3159231aec234a59dd7d601e9dd9fe96f3afff15efd33c1070019b26132/semver-3.0.4.tar.gz", hash = "sha256:afc7d8c584a5ed0a11033af086e8af226a9c0b206f313e0301f8dd7b6b589602", size = 269730, upload-time = "2025-01-24T13:19:27.617Z" }
wheels = [
    { url = "https://files.pythonhosted.org/packages/a6/24/4d91e05817e92e3a61c8a21e08fd0f390f5301f1c448b137c57c4bc6e543/semver-3.0.4-py3-none-any.whl", hash = "sha256:9c824d87ba7f7ab4a1890799cec8596f15c1241cb473404ea1cb0c55e4b04746", size = 17912, upload-time = "2025-01-24T13:19:24.949Z" },
]

[[package]]
name = "sgmllib3k"
version = "1.0.0"
source = { registry = "https://pypi.org/simple" }
sdist = { url = "https://files.pythonhosted.org/packages/9e/bd/3704a8c3e0942d711c1299ebf7b9091930adae6675d7c8f476a7ce48653c/sgmllib3k-1.0.0.tar.gz", hash = "sha256:7868fb1c8bfa764c1ac563d3cf369c381d1325d36124933a726f29fcdaa812e9", size = 5750, upload-time = "2010-08-24T14:33:52.445Z" }

[[package]]
name = "shellingham"
version = "1.5.4"
source = { registry = "https://pypi.org/simple" }
sdist = { url = "https://files.pythonhosted.org/packages/58/15/8b3609fd3830ef7b27b655beb4b4e9c62313a4e8da8c676e142cc210d58e/shellingham-1.5.4.tar.gz", hash = "sha256:8dbca0739d487e5bd35ab3ca4b36e11c4078f3a234bfce294b0a0291363404de", size = 10310, upload-time = "2023-10-24T04:13:40.426Z" }
wheels = [
    { url = "https://files.pythonhosted.org/packages/e0/f9/0595336914c5619e5f28a1fb793285925a8cd4b432c9da0a987836c7f822/shellingham-1.5.4-py2.py3-none-any.whl", hash = "sha256:7ecfff8f2fd72616f7481040475a65b2bf8af90a56c89140852d1120324e8686", size = 9755, upload-time = "2023-10-24T04:13:38.866Z" },
]

[[package]]
name = "sqlparse"
version = "0.5.5"
source = { registry = "https://pypi.org/simple" }
sdist = { url = "https://files.pythonhosted.org/packages/90/76/437d71068094df0726366574cf3432a4ed754217b436eb7429415cf2d480/sqlparse-0.5.5.tar.gz", hash = "sha256:e20d4a9b0b8585fdf63b10d30066c7c94c5d7a7ec47c889a2d83a3caa93ff28e", size = 120815, upload-time = "2025-12-19T07:17:45.073Z" }
wheels = [
    { url = "https://files.pythonhosted.org/packages/49/4b/359f28a903c13438ef59ebeee215fb25da53066db67b305c125f1c6d2a25/sqlparse-0.5.5-py3-none-any.whl", hash = "sha256:12a08b3bf3eec877c519589833aed092e2444e68240a3577e8e26148acc7b1ba", size = 46138, upload-time = "2025-12-19T07:17:46.573Z" },
]

[[package]]
name = "typer"
version = "0.25.1"
source = { registry = "https://pypi.org/simple" }
dependencies = [
    { name = "annotated-doc" },
    { name = "click" },
    { name = "rich" },
    { name = "shellingham" },
]
sdist = { url = "https://files.pythonhosted.org/packages/e4/51/9aed62104cea109b820bbd6c14245af756112017d309da813ef107d42e7e/typer-0.25.1.tar.gz", hash = "sha256:9616eb8853a09ffeabab1698952f33c6f29ffdbceb4eaeecf571880e8d7664cc", size = 122276, upload-time = "2026-04-30T19:32:16.964Z" }
wheels = [
    { url = "https://files.pythonhosted.org/packages/3f/f9/2b3ff4e56e5fa7debfaf9eb135d0da96f3e9a1d5b27222223c7296336e5f/typer-0.25.1-py3-none-any.whl", hash = "sha256:75caa44ed46a03fb2dab8808753ffacdbfea88495e74c85a28c5eefcf5f39c89", size = 58409, upload-time = "2026-04-30T19:32:18.271Z" },
]

[[package]]
name = "tzdata"
version = "2026.2"
source = { registry = "https://pypi.org/simple" }
sdist = { url = "https://files.pythonhosted.org/packages/ba/19/1b9b0e29f30c6d35cb345486df41110984ea67ae69dddbc0e8a100999493/tzdata-2026.2.tar.gz", hash = "sha256:9173fde7d80d9018e02a662e168e5a2d04f87c41ea174b139fbef642eda62d10", size = 198254, upload-time = "2026-04-24T15:22:08.651Z" }
wheels = [
    { url = "https://files.pythonhosted.org/packages/ce/e4/dccd7f47c4b64213ac01ef921a1337ee6e30e8c6466046018326977efd95/tzdata-2026.2-py2.py3-none-any.whl", hash = "sha256:bbe9af844f658da81a5f95019480da3a89415801f6cc966806612cc7169bffe7", size = 349321, upload-time = "2026-04-24T15:22:05.876Z" },
]
